
Microsoft Visual Studio Solution File, Format Version 12.00
# Visual Studio Version 16
VisualStudioVersion = 16.0.29306.81
MinimumVisualStudioVersion = 10.0.40219.1
Project("{FAE04EC0-301F-11D3-BF4B-00C04F79EFBC}") = "PasswordEncryptionAuthentication", "PasswordEncryptionAuthentication.csproj", "{070FBC84-3C87-4D77-918F-E796C3CA7FA1}"
EndProject
Global
	GlobalSection(SolutionConfigurationPlatforms) = preSolution
		Debug|Any CPU = Debug|Any CPU
		Release|Any CPU = Release|Any CPU
	EndGlobalSection
	GlobalSection(ProjectConfigurationPlatforms) = postSolution
		{070FBC84-3C87-4D77-918F-E796C3CA7FA1}.Debug|Any CPU.ActiveCfg = Debug|Any CPU
		{070FBC84-3C87-4D77-918F-E796C3CA7FA1}.Debug|Any CPU.Build.0 = Debug|Any CPU
		{070FBC84-3C87-4D77-918F-E796C3CA7FA1}.Release|Any CPU.ActiveCfg = Release|Any CPU
		{070FBC84-3C87-4D77-918F-E796C3CA7FA1}.Release|Any CPU.Build.0 = Release|Any CPU
	EndGlobalSection
	GlobalSection(SolutionProperties) = preSolution
		HideSolutionNode = FALSE
	EndGlobalSection
	GlobalSection(ExtensibilityGlobals) = postSolution
		SolutionGuid = {D8830932-EA72-4147-95A0-0A452B1B60F4}
	EndGlobalSection
EndGlobal
